// !$*UTF8*$!
{
	archiveVersion = 1;
	classes = {
	};
	objectVersion = 46;
	objects = {

/* Begin PBXBuildFile section */
		7CCA0AE31EC1C4C200721657 /* AppDelegate.swift in Sources */ = {isa = PBXBuildFile; fileRef = 7CCA0AE21EC1C4C200721657 /* AppDelegate.swift */; };
		7CCA0AE51EC1C4C200721657 /* ViewController.swift in Sources */ = {isa = PBXBuildFile; fileRef = 7CCA0AE41EC1C4C200721657 /* ViewController.swift */; };
		7CCA0AE81EC1C4C200721657 /* Main.storyboard in Resources */ = {isa = PBXBuildFile; fileRef = 7CCA0AE61EC1C4C200721657 /* Main.storyboard */; };
		7CCA0AEA1EC1C4C200721657 /* Assets.xcassets in Resources */ = {isa = PBXBuildFile; fileRef = 7CCA0AE91EC1C4C200721657 /* Assets.xcassets */; };
		7CCA0AED1EC1C4C200721657 /* LaunchScreen.storyboard in Resources */ = {isa = PBXBuildFile; fileRef = 7CCA0AEB1EC1C4C200721657 /* LaunchScreen.storyboard */; };
		7CCA0AF51EC1F89D00721657 /* DetailViewController.swift in Sources */ = {isa = PBXBuildFile; fileRef = 7CCA0AF41EC1F89D00721657 /* DetailViewController.swift */; };
		7CCA0AF71EC2043A00721657 /* PresentationController.swift in Sources */ = {isa = PBXBuildFile; fileRef = 7CCA0AF61EC2043A00721657 /* PresentationController.swift */; };
/* End PBXBuildFile section */

/* Begin PBXFileReference section */
		7CCA0ADF1EC1C4C200721657 /* touch.app */ = {isa = PBXFileReference; explicitFileType = wrapper.application; includeInIndex = 0; path = touch.app; sourceTree = BUILT_PRODUCTS_DIR; };
		7CCA0AE21EC1C4C200721657 /* AppDelegate.swift */ = {isa = PBXFileReference; lastKnownFileType = sourcecode.swift; path = AppDelegate.swift; sourceTree = "<group>"; };
		7CCA0AE41EC1C4C200721657 /* ViewController.swift */ = {isa = PBXFileReference; lastKnownFileType = sourcecode.swift; path = ViewController.swift; sourceTree = "<group>"; };
		7CCA0AE71EC1C4C200721657 /* Base */ = {isa = PBXFileReference; lastKnownFileType = file.storyboard; name = Base; path = Base.lproj/Main.storyboard; sourceTree = "<group>"; };
		7CCA0AE91EC1C4C200721657 /* Assets.xcassets */ = {isa = PBXFileReference; lastKnownFileType = folder.assetcatalog; path = Assets.xcassets; sourceTree = "<group>"; };
		7CCA0AEC1EC1C4C200721657 /* Base */ = {isa = PBXFileReference; lastKnownFileType = file.storyboard; name = Base; path = Base.lproj/LaunchScreen.storyboard; sourceTree = "<group>"; };
		7CCA0AEE1EC1C4C200721657 /* Info.plist */ = {isa = PBXFileReference; lastKnownFileType = text.plist.xml; path = Info.plist; sourceTree = "<group>"; };
		7CCA0AF41EC1F89D00721657 /* DetailViewController.swift */ = {isa = PBXFileReference; fileEncoding = 4; lastKnownFileType = sourcecode.swift; path = DetailViewController.swift; sourceTree = "<group>"; };
		7CCA0AF61EC2043A00721657 /* PresentationController.swift */ = {isa = PBXFileReference; fileEncoding = 4; lastKnownFileType = sourcecode.swift; path = PresentationController.swift; sourceTree = "<group>"; };
/* End PBXFileReference section */

/* Begin PBXFrameworksBuildPhase section */
		7CCA0ADC1EC1C4C200721657 /* Frameworks */ = {
			isa = PBXFrameworksBuildPhase;
			buildActionMask = 2147483647;
			files = (
			);
			runOnlyForDeploymentPostprocessing = 0;
		};
/* End PBXFrameworksBuildPhase section */

/* Begin PBXGroup section */
		7CCA0AD61EC1C4C200721657 = {
			isa = PBXGroup;
			children = (
				7CCA0AE11EC1C4C200721657 /* touch */,
				7CCA0AE01EC1C4C200721657 /* Products */,
			);
			sourceTree = "<group>";
		};
		7CCA0AE01EC1C4C200721657 /* Products */ = {
			isa = PBXGroup;
			children = (
				7CCA0ADF1EC1C4C200721657 /* touch.app */,
			);
			name = Products;
			sourceTree = "<group>";
		};
		7CCA0AE11EC1C4C200721657 /* touch */ = {
			isa = PBXGroup;
			children = (
				7CCA0AE21EC1C4C200721657 /* AppDelegate.swift */,
				7CCA0AE41EC1C4C200721657 /* ViewController.swift */,
				7CCA0AE61EC1C4C200721657 /* Main.storyboard */,
				7CCA0AE91EC1C4C200721657 /* Assets.xcassets */,
				7CCA0AEB1EC1C4C200721657 /* LaunchScreen.storyboard */,
				7CCA0AEE1EC1C4C200721657 /* Info.plist */,
				7CCA0AF41EC1F89D00721657 /* DetailViewController.swift */,
				7CCA0AF61EC2043A00721657 /* PresentationController.swift */,
			);
			path = touch;
			sourceTree = "<group>";
		};
/* End PBXGroup section */

/* Begin PBXNativeTarget section */
		7CCA0ADE1EC1C4C200721657 /* touch */ = {
			isa = PBXNativeTarget;
			buildConfigurationList = 7CCA0AF11EC1C4C200721657 /* Build configuration list for PBXNativeTarget "touch" */;
			buildPhases = (
				7CCA0ADB1EC1C4C200721657 /* Sources */,
				7CCA0ADC1EC1C4C200721657 /* Frameworks */,
				7CCA0ADD1EC1C4C200721657 /* Resources */,
			);
			buildRules = (
			);
			dependencies = (
			);
			name = touch;
			productName = touch;
			productReference = 7CCA0ADF1EC1C4C200721657 /* touch.app */;
			productType = "com.apple.product-type.application";
		};
/* End PBXNativeTarget section */

/* Begin PBXProject section */
		7CCA0AD71EC1C4C200721657 /* Project object */ = {
			isa = PBXProject;
			attributes = {
				LastSwiftUpdateCheck = 0830;
				LastUpgradeCheck = 0830;
				ORGANIZATIONNAME = "Qing-Cheng Li";
				TargetAttributes = {
					7CCA0ADE1EC1C4C200721657 = {
						CreatedOnToolsVersion = 8.3.2;
						ProvisioningStyle = Automatic;
					};
				};
			};
			buildConfigurationList = 7CCA0ADA1EC1C4C200721657 /* Build configuration list for PBXProject "touch" */;
			compatibilityVersion = "Xcode 3.2";
			developmentRegion = English;
			hasScannedForEncodings = 0;
			knownRegions = (
				en,
				Base,
			);
			mainGroup = 7CCA0AD61EC1C4C200721657;
			productRefGroup = 7CCA0AE01EC1C4C200721657 /* Products */;
			projectDirPath = "";
			projectRoot = "";
			targets = (
				7CCA0ADE1EC1C4C200721657 /* touch */,
			);
		};
/* End PBXProject section */

/* Begin PBXResourcesBuildPhase section */
		7CCA0ADD1EC1C4C200721657 /* Resources */ = {
			isa = PBXResourcesBuildPhase;
			buildActionMask = 2147483647;
			files = (
				7CCA0AED1EC1C4C200721657 /* LaunchScreen.storyboard in Resources */,
				7CCA0AEA1EC1C4C200721657 /* Assets.xcassets in Resources */,
				7CCA0AE81EC1C4C200721657 /* Main.storyboard in Resources */,
			);
			runOnlyForDeploymentPostprocessing = 0;
		};
/* End PBXResourcesBuildPhase section */

/* Begin PBXSourcesBuildPhase section */
		7CCA0ADB1EC1C4C200721657 /* Sources */ = {
			isa = PBXSourcesBuildPhase;
			buildActionMask = 2147483647;
			files = (
				7CCA0AF51EC1F89D00721657 /* DetailViewController.swift in Sources */,
				7CCA0AE51EC1C4C200721657 /* ViewController.swift in Sources */,
				7CCA0AE31EC1C4C200721657 /* AppDelegate.swift in Sources */,
				7CCA0AF71EC2043A00721657 /* PresentationController.swift in Sources */,
			);
			runOnlyForDeploymentPostprocessing = 0;
		};
/* End PBXSourcesBuildPhase section */

/* Begin PBXVariantGroup section */
		7CCA0AE61EC1C4C200721657 /* Main.storyboard */ = {
			isa = PBXVariantGroup;
			children = (
				7CCA0AE71EC1C4C200721657 /* Base */,
			);
			name = Main.storyboard;
			sourceTree = "<group>";
		};
		7CCA0AEB1EC1C4C200721657 /* LaunchScreen.storyboard */ = {
			isa = PBXVariantGroup;
			children = (
				7CCA0AEC1EC1C4C200721657 /* Base */,
			);
			name = LaunchScreen.storyboard;
			sourceTree = "<group>";
		};
/* End PBXVariantGroup section */

/* Begin XCBuildConfiguration section */
		7CCA0AEF1EC1C4C200721657 /* Debug */ = {
			isa = XCBuildConfiguration;
			buildSettings = {
				ALWAYS_SEARCH_USER_PATHS = NO;
				CLANG_ANALYZER_NONNULL = YES;
				CLANG_ANALYZER_NUMBER_OBJECT_CONVERSION = YES_AGGRESSIVE;
				CLANG_CXX_LANGUAGE_STANDARD = "gnu++0x";
				CLANG_CXX_LIBRARY = "libc++";
				CLANG_ENABLE_MODULES = YES;
				CLANG_ENABLE_OBJC_ARC = YES;
				CLANG_WARN_BOOL_CONVERSION = YES;
				CLANG_WARN_CONSTANT_CONVERSION = YES;
				CLANG_WARN_DIRECT_OBJC_ISA_USAGE = YES_ERROR;
				CLANG_WARN_DOCUMENTATION_COMMENTS = YES;
				CLANG_WARN_EMPTY_BODY = YES;
				CLANG_WARN_ENUM_CONVERSION = YES;
				CLANG_WARN_INFINITE_RECURSION = YES;
				CLANG_WARN_INT_CONVERSION = YES;
				CLANG_WARN_OBJC_ROOT_CLASS = YES_ERROR;
				CLANG_WARN_SUSPICIOUS_MOVE = YES;
				CLANG_WARN_UNREACHABLE_CODE = YES;
				CLANG_WARN__DUPLICATE_METHOD_MATCH = YES;
				"CODE_SIGN_IDENTITY[sdk=iphoneos*]" = "iPhone Developer";
				COPY_PHASE_STRIP = NO;
				DEBUG_INFORMATION_FORMAT = dwarf;
				ENABLE_STRICT_OBJC_MSGSEND = YES;
				ENABLE_TESTABILITY = YES;
				GCC_C_LANGUAGE_STANDARD = gnu99;
				GCC_DYNAMIC_NO_PIC = NO;
				GCC_NO_COMMON_BLOCKS = YES;
				GCC_OPTIMIZATION_LEVEL = 0;
				GCC_PREPROCESSOR_DEFINITIONS = (
					"DEBUG=1",
					"$(inherited)",
				);
				GCC_WARN_64_TO_32_BIT_CONVERSION = YES;
				GCC_WARN_ABOUT_RETURN_TYPE = YES_ERROR;
				GCC_WARN_UNDECLARED_SELECTOR = YES;
				GCC_WARN_UNINITIALIZED_AUTOS = YES_AGGRESSIVE;
				GCC_WARN_UNUSED_FUNCTION = YES;
				GCC_WARN_UNUSED_VARIABLE = YES;
				IPHONEOS_DEPLOYMENT_TARGET = 10.3;
				MTL_ENABLE_DEBUG_INFO = YES;
				ONLY_ACTIVE_ARCH = YES;
				SDKROOT = iphoneos;
				SWIFT_ACTIVE_COMPILATION_CONDITIONS = DEBUG;
				SWIFT_OPTIMIZATION_LEVEL = "-Onone";
			};
			name = Debug;
		};
		7CCA0AF01EC1C4C200721657 /* Release */ = {
			isa = XCBuildConfiguration;
			buildSettings = {
				ALWAYS_SEARCH_USER_PATHS = NO;
				CLANG_ANALYZER_NONNULL = YES;
				CLANG_ANALYZER_NUMBER_OBJECT_CONVERSION = YES_AGGRESSIVE;
				CLANG_CXX_LANGUAGE_STANDARD = "gnu++0x";
				CLANG_CXX_LIBRARY = "libc++";
				CLANG_ENABLE_MODULES = YES;
				CLANG_ENABLE_OBJC_ARC = YES;
				CLANG_WARN_BOOL_CONVERSION = YES;
				CLANG_WARN_CONSTANT_CONVERSION = YES;
				CLANG_WARN_DIRECT_OBJC_ISA_USAGE = YES_ERROR;
				CLANG_WARN_DOCUMENTATION_COMMENTS = YES;
				CLANG_WARN_EMPTY_BODY = YES;
				CLANG_WARN_ENUM_CONVERSION = YES;
				CLANG_WARN_INFINITE_RECURSION = YES;
				CLANG_WARN_INT_CONVERSION = YES;
				CLANG_WARN_OBJC_ROOT_CLASS = YES_ERROR;
				CLANG_WARN_SUSPICIOUS_MOVE = YES;
				CLANG_WARN_UNREACHABLE_CODE = YES;
				CLANG_WARN__DUPLICATE_METHOD_MATCH = YES;
				"CODE_SIGN_IDENTITY[sdk=iphoneos*]" = "iPhone Developer";
				COPY_PHASE_STRIP = NO;
				DEBUG_INFORMATION_FORMAT = "dwarf-with-dsym";
				ENABLE_NS_ASSERTIONS = NO;
				ENABLE_STRICT_OBJC_MSGSEND = YES;
				GCC_C_LANGUAGE_STANDARD = gnu99;
				GCC_NO_COMMON_BLOCKS = YES;
				GCC_WARN_64_TO_32_BIT_CONVERSION = YES;
				GCC_WARN_ABOUT_RETURN_TYPE = YES_ERROR;
				GCC_WARN_UNDECLARED_SELECTOR = YES;
				GCC_WARN_UNINITIALIZED_AUTOS = YES_AGGRESSIVE;
				GCC_WARN_UNUSED_FUNCTION = YES;
				GCC_WARN_UNUSED_VARIABLE = YES;
				IPHONEOS_DEPLOYMENT_TARGET = 10.3;
				MTL_ENABLE_DEBUG_INFO = NO;
				SDKROOT = iphoneos;
				SWIFT_OPTIMIZATION_LEVEL = "-Owholemodule";
				VALIDATE_PRODUCT = YES;
			};
			name = Release;
		};
		7CCA0AF21EC1C4C200721657 /* Debug */ = {
			isa = XCBuildConfiguration;
			buildSettings = {
				ASSETCATALOG_COMPILER_APPICON_NAME = AppIcon;
				INFOPLIST_FILE = touch/Info.plist;
				LD_RUNPATH_SEARCH_PATHS = "$(inherited) @executable_path/Frameworks";
				PRODUCT_BUNDLE_IDENTIFIER = tw.qcl.touch;
				PRODUCT_NAME = "$(TARGET_NAME)";
				SWIFT_VERSION = 3.0;
			};
			name = Debug;
		};
		7CCA0AF31EC1C4C200721657 /* Release */ = {
			isa = XCBuildConfiguration;
			buildSettings = {
				ASSETCATALOG_COMPILER_APPICON_NAME = AppIcon;
				INFOPLIST_FILE = touch/Info.plist;
				LD_RUNPATH_SEARCH_PATHS = "$(inherited) @executable_path/Frameworks";
				PRODUCT_BUNDLE_IDENTIFIER = tw.qcl.touch;
				PRODUCT_NAME = "$(TARGET_NAME)";
				SWIFT_VERSION = 3.0;
			};
			name = Release;
		};
/* End XCBuildConfiguration section */

/* Begin XCConfigurationList section */
		7CCA0ADA1EC1C4C200721657 /* Build configuration list for PBXProject "touch" */ = {
			isa = XCConfigurationList;
			buildConfigurations = (
				7CCA0AEF1EC1C4C200721657 /* Debug */,
				7CCA0AF01EC1C4C200721657 /* Release */,
			);
			defaultConfigurationIsVisible = 0;
			defaultConfigurationName = Release;
		};
		7CCA0AF11EC1C4C200721657 /* Build configuration list for PBXNativeTarget "touch" */ = {
			isa = XCConfigurationList;
			buildConfigurations = (
				7CCA0AF21EC1C4C200721657 /* Debug */,
				7CCA0AF31EC1C4C200721657 /* Release */,
			);
			defaultConfigurationIsVisible = 0;
		};
/* End XCConfigurationList section */
	};
	rootObject = 7CCA0AD71EC1C4C200721657 /* Project object */;
}
